
Microsoft Visual Studio Solution File, Format Version 12.00
# Visual Studio 15
VisualStudioVersion = 15.0.28307.136
MinimumVisualStudioVersion = 10.0.40219.1
Project("{9A19103F-16F7-4668-BE54-9A1E7A4F7556}") = "REST", "REST\REST.csproj", "{854C80EF-AFDE-418D-961B-C6845CAC0BAB}"
EndProject
Project("{9A19103F-16F7-4668-BE54-9A1E7A4F7556}") = "DataAccess", "DataAccess\DataAccess.csproj", "{8EFC2E90-C12E-4BEF-AD30-EE9C5542C49A}"
EndProject
Global
	GlobalSection(SolutionConfigurationPlatforms) = preSolution
		Debug|Any CPU = Debug|Any CPU
		Release|Any CPU = Release|Any CPU
	EndGlobalSection
	GlobalSection(ProjectConfigurationPlatforms) = postSolution
		{854C80EF-AFDE-418D-961B-C6845CAC0BAB}.Debug|Any CPU.ActiveCfg = Debug|Any CPU
		{854C80EF-AFDE-418D-961B-C6845CAC0BAB}.Debug|Any CPU.Build.0 = Debug|Any CPU
		{854C80EF-AFDE-418D-961B-C6845CAC0BAB}.Release|Any CPU.ActiveCfg = Release|Any CPU
		{854C80EF-AFDE-418D-961B-C6845CAC0BAB}.Release|Any CPU.Build.0 = Release|Any CPU
		{8EFC2E90-C12E-4BEF-AD30-EE9C5542C49A}.Debug|Any CPU.ActiveCfg = Debug|Any CPU
		{8EFC2E90-C12E-4BEF-AD30-EE9C5542C49A}.Debug|Any CPU.Build.0 = Debug|Any CPU
		{8EFC2E90-C12E-4BEF-AD30-EE9C5542C49A}.Release|Any CPU.ActiveCfg = Release|Any CPU
		{8EFC2E90-C12E-4BEF-AD30-EE9C5542C49A}.Release|Any CPU.Build.0 = Release|Any CPU
	EndGlobalSection
	GlobalSection(SolutionProperties) = preSolution
		HideSolutionNode = FALSE
	EndGlobalSection
	GlobalSection(ExtensibilityGlobals) = postSolution
		SolutionGuid = {5889D063-E79F-423A-887C-21A544345CBE}
	EndGlobalSection
EndGlobal
